
Microsoft Visual Studio Solution File, Format Version 12.00
# Visual Studio Version 17
VisualStudioVersion = 17.14.36121.58 d17.14
MinimumVisualStudioVersion = 10.0.40219.1
Project("{FAE04EC0-301F-11D3-BF4B-00C04F79EFBC}") = "ClienteService", "ClienteService.csproj", "{567A9A2B-900F-43DE-805A-6542FB57CDEA}"
EndProject
Global
	GlobalSection(SolutionConfigurationPlatforms) = preSolution
		Debug|Any CPU = Debug|Any CPU
		Release|Any CPU = Release|Any CPU
	EndGlobalSection
	GlobalSection(ProjectConfigurationPlatforms) = postSolution
		{567A9A2B-900F-43DE-805A-6542FB57CDEA}.Debug|Any CPU.ActiveCfg = Debug|Any CPU
		{567A9A2B-900F-43DE-805A-6542FB57CDEA}.Debug|Any CPU.Build.0 = Debug|Any CPU
		{567A9A2B-900F-43DE-805A-6542FB57CDEA}.Release|Any CPU.ActiveCfg = Release|Any CPU
		{567A9A2B-900F-43DE-805A-6542FB57CDEA}.Release|Any CPU.Build.0 = Release|Any CPU
	EndGlobalSection
	GlobalSection(SolutionProperties) = preSolution
		HideSolutionNode = FALSE
	EndGlobalSection
	GlobalSection(ExtensibilityGlobals) = postSolution
		SolutionGuid = {F9C9F49B-A708-43CD-8C8C-EDFC7EE05ABD}
	EndGlobalSection
EndGlobal
